<?xml version="1.0" encoding="utf-8"?>
<Project ToolsVersion="4.0" xmlns="http://schemas.microsoft.com/developer/msbuild/2003">
  <ItemGroup>
    <Filter Include="Fichiers sources">
      <UniqueIdentifier>{4FC737F1-C7A5-4376-A066-2A32D752A2FF}</UniqueIdentifier>
      <Extensions>cpp;c;cc;cxx;c++;cppm;ixx;def;odl;idl;hpj;bat;asm;asmx</Extensions>
    </Filter>
    <Filter Include="Fichiers d%27en-tête">
      <UniqueIdentifier>{93995380-89BD-4b04-88EB-625FBE52EBFB}</UniqueIdentifier>
      <Extensions>h;hh;hpp;hxx;h++;hm;inl;inc;ipp;xsd</Extensions>
    </Filter>
    <Filter Include="Fichiers de ressources">
      <UniqueIdentifier>{67DA6AB6-F800-4c08-8B7A-83BB121AAD01}</UniqueIdentifier>
      <Extensions>rc;ico;cur;bmp;dlg;rc2;rct;bin;rgs;gif;jpg;jpeg;jpe;resx;tiff;tif;png;wav;mfcribbon-ms</Extensions>
    </Filter>
  </ItemGroup>
  <ItemGroup>
    <ClCompile Include="main.c">
      <Filter>Fichiers sources</Filter>
    </ClCompile>
    <ClCompile Include="character.c">
      <Filter>Fichiers sources</Filter>
    </ClCompile>
    <ClCompile Include="Asteroid.c">
      <Filter>Fichiers sources</Filter>
    </ClCompile>
    <ClCompile Include="Shoot.c">
      <Filter>Fichiers sources</Filter>
    </ClCompile>
    <ClCompile Include="Health.c">
      <Filter>Fichiers sources</Filter>
    </ClCompile>
    <ClCompile Include="Window.c">
      <Filter>Fichiers sources</Filter>
    </ClCompile>
    <ClCompile Include="Score.c">
      <Filter>Fichiers sources</Filter>
    </ClCompile>
    <ClCompile Include="Destroy.c">
      <Filter>Fichiers sources</Filter>
    </ClCompile>
    <ClCompile Include="Menu.c">
      <Filter>Fichiers sources</Filter>
    </ClCompile>
    <ClCompile Include="Game_Over.c">
      <Filter>Fichiers sources</Filter>
    </ClCompile>
    <ClCompile Include="Timer.c">
      <Filter>Fichiers sources</Filter>
    </ClCompile>
  </ItemGroup>
  <ItemGroup>
    <ClInclude Include="character.h">
      <Filter>Fichiers sources</Filter>
    </ClInclude>
    <ClInclude Include="Asteroid.h">
      <Filter>Fichiers sources</Filter>
    </ClInclude>
    <ClInclude Include="Shoot.h">
      <Filter>Fichiers sources</Filter>
    </ClInclude>
    <ClInclude Include="Health.h">
      <Filter>Fichiers sources</Filter>
    </ClInclude>
    <ClInclude Include="Window.h">
      <Filter>Fichiers sources</Filter>
    </ClInclude>
    <ClInclude Include="Score.h">
      <Filter>Fichiers sources</Filter>
    </ClInclude>
    <ClInclude Include="Destroy.h">
      <Filter>Fichiers sources</Filter>
    </ClInclude>
    <ClInclude Include="Menu.h">
      <Filter>Fichiers sources</Filter>
    </ClInclude>
    <ClInclude Include="Game_Over.h">
      <Filter>Fichiers sources</Filter>
    </ClInclude>
    <ClInclude Include="Timer.h">
      <Filter>Fichiers sources</Filter>
    </ClInclude>
  </ItemGroup>
</Project>